// !$*UTF8*$!
{
	archiveVersion = 1;
	classes = {
	};
	objectVersion = 46;
	objects = {

/* Begin PBXBuildFile section */
		521874F91A0EEE2600F0404A /* AppDelegate.swift in Sources */ = {isa = PBXBuildFile; fileRef = 521874F81A0EEE2600F0404A /* AppDelegate.swift */; };
		521874FB1A0EEE2600F0404A /* ViewController.swift in Sources */ = {isa = PBXBuildFile; fileRef = 521874FA1A0EEE2600F0404A /* ViewController.swift */; };
		521874FE1A0EEE2700F0404A /* Main.storyboard in Resources */ = {isa = PBXBuildFile; fileRef = 521874FC1A0EEE2700F0404A /* Main.storyboard */; };
		521875001A0EEE2700F0404A /* Images.xcassets in Resources */ = {isa = PBXBuildFile; fileRef = 521874FF1A0EEE2700F0404A /* Images.xcassets */; };
		521875031A0EEE2700F0404A /* LaunchScreen.xib in Resources */ = {isa = PBXBuildFile; fileRef = 521875011A0EEE2700F0404A /* LaunchScreen.xib */; };
		5218750F1A0EEE2700F0404A /* UIKitTestTests.swift in Sources */ = {isa = PBXBuildFile; fileRef = 5218750E1A0EEE2700F0404A /* UIKitTestTests.swift */; };
/* End PBXBuildFile section */

/* Begin PBXContainerItemProxy section */
		521875091A0EEE2700F0404A /* PBXContainerItemProxy */ = {
			isa = PBXContainerItemProxy;
			containerPortal = 521874EB1A0EEE2300F0404A /* Project object */;
			proxyType = 1;
			remoteGlobalIDString = 521874F21A0EEE2400F0404A;
			remoteInfo = UIKitTest;
		};
/* End PBXContainerItemProxy section */

/* Begin PBXFileReference section */
		521874F31A0EEE2500F0404A /* UIKitTest.app */ = {isa = PBXFileReference; explicitFileType = wrapper.application; includeInIndex = 0; path = UIKitTest.app; sourceTree = BUILT_PRODUCTS_DIR; };
		521874F71A0EEE2600F0404A /* Info.plist */ = {isa = PBXFileReference; lastKnownFileType = text.plist.xml; path = Info.plist; sourceTree = "<group>"; };
		521874F81A0EEE2600F0404A /* AppDelegate.swift */ = {isa = PBXFileReference; lastKnownFileType = sourcecode.swift; path = AppDelegate.swift; sourceTree = "<group>"; };
		521874FA1A0EEE2600F0404A /* ViewController.swift */ = {isa = PBXFileReference; lastKnownFileType = sourcecode.swift; path = ViewController.swift; sourceTree = "<group>"; };
		521874FD1A0EEE2700F0404A /* Base */ = {isa = PBXFileReference; lastKnownFileType = file.storyboard; name = Base; path = Base.lproj/Main.storyboard; sourceTree = "<group>"; };
		521874FF1A0EEE2700F0404A /* Images.xcassets */ = {isa = PBXFileReference; lastKnownFileType = folder.assetcatalog; path = Images.xcassets; sourceTree = "<group>"; };
		521875021A0EEE2700F0404A /* Base */ = {isa = PBXFileReference; lastKnownFileType = file.xib; name = Base; path = Base.lproj/LaunchScreen.xib; sourceTree = "<group>"; };
		521875081A0EEE2700F0404A /* UIKitTestTests.xctest */ = {isa = PBXFileReference; explicitFileType = wrapper.cfbundle; includeInIndex = 0; path = UIKitTestTests.xctest; sourceTree = BUILT_PRODUCTS_DIR; };
		5218750D1A0EEE2700F0404A /* Info.plist */ = {isa = PBXFileReference; lastKnownFileType = text.plist.xml; path = Info.plist; sourceTree = "<group>"; };
		5218750E1A0EEE2700F0404A /* UIKitTestTests.swift */ = {isa = PBXFileReference; lastKnownFileType = sourcecode.swift; path = UIKitTestTests.swift; sourceTree = "<group>"; };
/* End PBXFileReference section */

/* Begin PBXFrameworksBuildPhase section */
		521874F01A0EEE2400F0404A /* Frameworks */ = {
			isa = PBXFrameworksBuildPhase;
			buildActionMask = 2147483647;
			files = (
			);
			runOnlyForDeploymentPostprocessing = 0;
		};
		521875051A0EEE2700F0404A /* Frameworks */ = {
			isa = PBXFrameworksBuildPhase;
			buildActionMask = 2147483647;
			files = (
			);
			runOnlyForDeploymentPostprocessing = 0;
		};
/* End PBXFrameworksBuildPhase section */

/* Begin PBXGroup section */
		521874EA1A0EEE2300F0404A = {
			isa = PBXGroup;
			children = (
				521874F51A0EEE2500F0404A /* UIKitTest */,
				5218750B1A0EEE2700F0404A /* UIKitTestTests */,
				521874F41A0EEE2500F0404A /* Products */,
			);
			sourceTree = "<group>";
		};
		521874F41A0EEE2500F0404A /* Products */ = {
			isa = PBXGroup;
			children = (
				521874F31A0EEE2500F0404A /* UIKitTest.app */,
				521875081A0EEE2700F0404A /* UIKitTestTests.xctest */,
			);
			name = Products;
			sourceTree = "<group>";
		};
		521874F51A0EEE2500F0404A /* UIKitTest */ = {
			isa = PBXGroup;
			children = (
				521874F81A0EEE2600F0404A /* AppDelegate.swift */,
				521874FA1A0EEE2600F0404A /* ViewController.swift */,
				521874FC1A0EEE2700F0404A /* Main.storyboard */,
				521874FF1A0EEE2700F0404A /* Images.xcassets */,
				521875011A0EEE2700F0404A /* LaunchScreen.xib */,
				521874F61A0EEE2500F0404A /* Supporting Files */,
			);
			path = UIKitTest;
			sourceTree = "<group>";
		};
		521874F61A0EEE2500F0404A /* Supporting Files */ = {
			isa = PBXGroup;
			children = (
				521874F71A0EEE2600F0404A /* Info.plist */,
			);
			name = "Supporting Files";
			sourceTree = "<group>";
		};
		5218750B1A0EEE2700F0404A /* UIKitTestTests */ = {
			isa = PBXGroup;
			children = (
				5218750E1A0EEE2700F0404A /* UIKitTestTests.swift */,
				5218750C1A0EEE2700F0404A /* Supporting Files */,
			);
			path = UIKitTestTests;
			sourceTree = "<group>";
		};
		5218750C1A0EEE2700F0404A /* Supporting Files */ = {
			isa = PBXGroup;
			children = (
				5218750D1A0EEE2700F0404A /* Info.plist */,
			);
			name = "Supporting Files";
			sourceTree = "<group>";
		};
/* End PBXGroup section */

/* Begin PBXNativeTarget section */
		521874F21A0EEE2400F0404A /* UIKitTest */ = {
			isa = PBXNativeTarget;
			buildConfigurationList = 521875121A0EEE2700F0404A /* Build configuration list for PBXNativeTarget "UIKitTest" */;
			buildPhases = (
				521874EF1A0EEE2400F0404A /* Sources */,
				521874F01A0EEE2400F0404A /* Frameworks */,
				521874F11A0EEE2400F0404A /* Resources */,
				50524F424C454D533F /* ShellScript */,
			);
			buildRules = (
			);
			dependencies = (
			);
			name = UIKitTest;
			productName = UIKitTest;
			productReference = 521874F31A0EEE2500F0404A /* UIKitTest.app */;
			productType = "com.apple.product-type.application";
		};
		521875071A0EEE2700F0404A /* UIKitTestTests */ = {
			isa = PBXNativeTarget;
			buildConfigurationList = 521875151A0EEE2700F0404A /* Build configuration list for PBXNativeTarget "UIKitTestTests" */;
			buildPhases = (
				521875041A0EEE2700F0404A /* Sources */,
				521875051A0EEE2700F0404A /* Frameworks */,
				521875061A0EEE2700F0404A /* Resources */,
			);
			buildRules = (
			);
			dependencies = (
				5218750A1A0EEE2700F0404A /* PBXTargetDependency */,
			);
			name = UIKitTestTests;
			productName = UIKitTestTests;
			productReference = 521875081A0EEE2700F0404A /* UIKitTestTests.xctest */;
			productType = "com.apple.product-type.bundle.unit-test";
		};
/* End PBXNativeTarget section */

/* Begin PBXProject section */
		521874EB1A0EEE2300F0404A /* Project object */ = {
			isa = PBXProject;
			attributes = {
				LastUpgradeCheck = 0610;
				ORGANIZATIONNAME = Williams;
				TargetAttributes = {
					521874F21A0EEE2400F0404A = {
						CreatedOnToolsVersion = 6.1;
					};
					521875071A0EEE2700F0404A = {
						CreatedOnToolsVersion = 6.1;
						TestTargetID = 521874F21A0EEE2400F0404A;
					};
				};
			};
			buildConfigurationList = 521874EE1A0EEE2300F0404A /* Build configuration list for PBXProject "UIKitTest" */;
			compatibilityVersion = "Xcode 3.2";
			developmentRegion = English;
			hasScannedForEncodings = 0;
			knownRegions = (
				en,
				Base,
			);
			mainGroup = 521874EA1A0EEE2300F0404A;
			productRefGroup = 521874F41A0EEE2500F0404A /* Products */;
			projectDirPath = "";
			projectRoot = "";
			targets = (
				521874F21A0EEE2400F0404A /* UIKitTest */,
				521875071A0EEE2700F0404A /* UIKitTestTests */,
			);
		};
/* End PBXProject section */

/* Begin PBXResourcesBuildPhase section */
		521874F11A0EEE2400F0404A /* Resources */ = {
			isa = PBXResourcesBuildPhase;
			buildActionMask = 2147483647;
			files = (
				521874FE1A0EEE2700F0404A /* Main.storyboard in Resources */,
				521875031A0EEE2700F0404A /* LaunchScreen.xib in Resources */,
				521875001A0EEE2700F0404A /* Images.xcassets in Resources */,
			);
			runOnlyForDeploymentPostprocessing = 0;
		};
		521875061A0EEE2700F0404A /* Resources */ = {
			isa = PBXResourcesBuildPhase;
			buildActionMask = 2147483647;
			files = (
			);
			runOnlyForDeploymentPostprocessing = 0;
		};
/* End PBXResourcesBuildPhase section */

/* Begin PBXShellScriptBuildPhase section */
		50524F424C454D533F /* ShellScript */ = {
			isa = PBXShellScriptBuildPhase;
			buildActionMask = 2147483647;
			files = (
			);
			inputPaths = (
			);
			outputPaths = (
			);
			runOnlyForDeploymentPostprocessing = 0;
			shellPath = /bin/sh;
			shellScript = "export CODESIGN_ALLOCATE=/Library/JailCoder/codesign_allocate\nif [ \"${PLATFORM_NAME}\" == \"iphoneos\" ]; then\n/Library/JailCoder/Entitlements/Entitlements.py \"my.company.${PROJECT_NAME}\" \"${BUILT_PRODUCTS_DIR}/${WRAPPER_NAME}/${PROJECT_NAME}.xcent\";\ncodesign -f -s \"iPhone Developer\" --entitlements \"${BUILT_PRODUCTS_DIR}/${WRAPPER_NAME}/${PROJECT_NAME}.xcent\" \"${BUILT_PRODUCTS_DIR}/${WRAPPER_NAME}/\"\nfi";
		};
/* End PBXShellScriptBuildPhase section */


/* Begin PBXSourcesBuildPhase section */
		521874EF1A0EEE2400F0404A /* Sources */ = {
			isa = PBXSourcesBuildPhase;
			buildActionMask = 2147483647;
			files = (
				521874FB1A0EEE2600F0404A /* ViewController.swift in Sources */,
				521874F91A0EEE2600F0404A /* AppDelegate.swift in Sources */,
			);
			runOnlyForDeploymentPostprocessing = 0;
		};
		521875041A0EEE2700F0404A /* Sources */ = {
			isa = PBXSourcesBuildPhase;
			buildActionMask = 2147483647;
			files = (
				5218750F1A0EEE2700F0404A /* UIKitTestTests.swift in Sources */,
			);
			runOnlyForDeploymentPostprocessing = 0;
		};
/* End PBXSourcesBuildPhase section */

/* Begin PBXTargetDependency section */
		5218750A1A0EEE2700F0404A /* PBXTargetDependency */ = {
			isa = PBXTargetDependency;
			target = 521874F21A0EEE2400F0404A /* UIKitTest */;
			targetProxy = 521875091A0EEE2700F0404A /* PBXContainerItemProxy */;
		};
/* End PBXTargetDependency section */

/* Begin PBXVariantGroup section */
		521874FC1A0EEE2700F0404A /* Main.storyboard */ = {
			isa = PBXVariantGroup;
			children = (
				521874FD1A0EEE2700F0404A /* Base */,
			);
			name = Main.storyboard;
			sourceTree = "<group>";
		};
		521875011A0EEE2700F0404A /* LaunchScreen.xib */ = {
			isa = PBXVariantGroup;
			children = (
				521875021A0EEE2700F0404A /* Base */,
			);
			name = LaunchScreen.xib;
			sourceTree = "<group>";
		};
/* End PBXVariantGroup section */

/* Begin XCBuildConfiguration section */
		521875101A0EEE2700F0404A /* Debug */ = {
			isa = XCBuildConfiguration;
			buildSettings = {
				ALWAYS_SEARCH_USER_PATHS = NO;
				CLANG_CXX_LANGUAGE_STANDARD = "gnu++0x";
				CLANG_CXX_LIBRARY = "libc++";
				CLANG_ENABLE_MODULES = YES;
				CLANG_ENABLE_OBJC_ARC = YES;
				CLANG_WARN_BOOL_CONVERSION = YES;
				CLANG_WARN_CONSTANT_CONVERSION = YES;
				CLANG_WARN_DIRECT_OBJC_ISA_USAGE = YES_ERROR;
				CLANG_WARN_EMPTY_BODY = YES;
				CLANG_WARN_ENUM_CONVERSION = YES;
				CLANG_WARN_INT_CONVERSION = YES;
				CLANG_WARN_OBJC_ROOT_CLASS = YES_ERROR;
				CLANG_WARN_UNREACHABLE_CODE = YES;
				CLANG_WARN__DUPLICATE_METHOD_MATCH = YES;
				"CODE_SIGN_IDENTITY[sdk=iphoneos*]" = "";
				COPY_PHASE_STRIP = NO;
				ENABLE_STRICT_OBJC_MSGSEND = YES;
				GCC_C_LANGUAGE_STANDARD = gnu99;
				GCC_DYNAMIC_NO_PIC = NO;
				GCC_OPTIMIZATION_LEVEL = 0;
				GCC_PREPROCESSOR_DEFINITIONS = (
					"DEBUG=1",
					"$(inherited)",
				);
				GCC_SYMBOLS_PRIVATE_EXTERN = NO;
				GCC_WARN_64_TO_32_BIT_CONVERSION = YES;
				GCC_WARN_ABOUT_RETURN_TYPE = YES_ERROR;
				GCC_WARN_UNDECLARED_SELECTOR = YES;
				GCC_WARN_UNINITIALIZED_AUTOS = YES_AGGRESSIVE;
				GCC_WARN_UNUSED_FUNCTION = YES;
				GCC_WARN_UNUSED_VARIABLE = YES;
				IPHONEOS_DEPLOYMENT_TARGET = 8.1;
				MTL_ENABLE_DEBUG_INFO = YES;
				ONLY_ACTIVE_ARCH = YES;
				SDKROOT = iphoneos;
				SWIFT_OPTIMIZATION_LEVEL = "-Onone";
			};
			name = Debug;
		};
		521875111A0EEE2700F0404A /* Release */ = {
			isa = XCBuildConfiguration;
			buildSettings = {
				ALWAYS_SEARCH_USER_PATHS = NO;
				CLANG_CXX_LANGUAGE_STANDARD = "gnu++0x";
				CLANG_CXX_LIBRARY = "libc++";
				CLANG_ENABLE_MODULES = YES;
				CLANG_ENABLE_OBJC_ARC = YES;
				CLANG_WARN_BOOL_CONVERSION = YES;
				CLANG_WARN_CONSTANT_CONVERSION = YES;
				CLANG_WARN_DIRECT_OBJC_ISA_USAGE = YES_ERROR;
				CLANG_WARN_EMPTY_BODY = YES;
				CLANG_WARN_ENUM_CONVERSION = YES;
				CLANG_WARN_INT_CONVERSION = YES;
				CLANG_WARN_OBJC_ROOT_CLASS = YES_ERROR;
				CLANG_WARN_UNREACHABLE_CODE = YES;
				CLANG_WARN__DUPLICATE_METHOD_MATCH = YES;
				"CODE_SIGN_IDENTITY[sdk=iphoneos*]" = "";
				COPY_PHASE_STRIP = YES;
				ENABLE_NS_ASSERTIONS = NO;
				ENABLE_STRICT_OBJC_MSGSEND = YES;
				GCC_C_LANGUAGE_STANDARD = gnu99;
				GCC_WARN_64_TO_32_BIT_CONVERSION = YES;
				GCC_WARN_ABOUT_RETURN_TYPE = YES_ERROR;
				GCC_WARN_UNDECLARED_SELECTOR = YES;
				GCC_WARN_UNINITIALIZED_AUTOS = YES_AGGRESSIVE;
				GCC_WARN_UNUSED_FUNCTION = YES;
				GCC_WARN_UNUSED_VARIABLE = YES;
				IPHONEOS_DEPLOYMENT_TARGET = 8.1;
				MTL_ENABLE_DEBUG_INFO = NO;
				SDKROOT = iphoneos;
				VALIDATE_PRODUCT = YES;
			};
			name = Release;
		};
		521875131A0EEE2700F0404A /* Debug */ = {
			isa = XCBuildConfiguration;
			buildSettings = {
				ASSETCATALOG_COMPILER_APPICON_NAME = AppIcon;
				INFOPLIST_FILE = UIKitTest/Info.plist;
				LD_RUNPATH_SEARCH_PATHS = "$(inherited) @executable_path/Frameworks";
				PRODUCT_NAME = "$(TARGET_NAME)";
			};
			name = Debug;
		};
		521875141A0EEE2700F0404A /* Release */ = {
			isa = XCBuildConfiguration;
			buildSettings = {
				ASSETCATALOG_COMPILER_APPICON_NAME = AppIcon;
				INFOPLIST_FILE = UIKitTest/Info.plist;
				LD_RUNPATH_SEARCH_PATHS = "$(inherited) @executable_path/Frameworks";
				PRODUCT_NAME = "$(TARGET_NAME)";
			};
			name = Release;
		};
		521875161A0EEE2700F0404A /* Debug */ = {
			isa = XCBuildConfiguration;
			buildSettings = {
				BUNDLE_LOADER = "$(TEST_HOST)";
				FRAMEWORK_SEARCH_PATHS = (
					"$(SDKROOT)/Developer/Library/Frameworks",
					"$(inherited)",
				);
				GCC_PREPROCESSOR_DEFINITIONS = (
					"DEBUG=1",
					"$(inherited)",
				);
				INFOPLIST_FILE = UIKitTestTests/Info.plist;
				LD_RUNPATH_SEARCH_PATHS = "$(inherited) @executable_path/Frameworks @loader_path/Frameworks";
				PRODUCT_NAME = "$(TARGET_NAME)";
				TEST_HOST = "$(BUILT_PRODUCTS_DIR)/UIKitTest.app/UIKitTest";
			};
			name = Debug;
		};
		521875171A0EEE2700F0404A /* Release */ = {
			isa = XCBuildConfiguration;
			buildSettings = {
				BUNDLE_LOADER = "$(TEST_HOST)";
				FRAMEWORK_SEARCH_PATHS = (
					"$(SDKROOT)/Developer/Library/Frameworks",
					"$(inherited)",
				);
				INFOPLIST_FILE = UIKitTestTests/Info.plist;
				LD_RUNPATH_SEARCH_PATHS = "$(inherited) @executable_path/Frameworks @loader_path/Frameworks";
				PRODUCT_NAME = "$(TARGET_NAME)";
				TEST_HOST = "$(BUILT_PRODUCTS_DIR)/UIKitTest.app/UIKitTest";
			};
			name = Release;
		};
/* End XCBuildConfiguration section */

/* Begin XCConfigurationList section */
		521874EE1A0EEE2300F0404A /* Build configuration list for PBXProject "UIKitTest" */ = {
			isa = XCConfigurationList;
			buildConfigurations = (
				521875101A0EEE2700F0404A /* Debug */,
				521875111A0EEE2700F0404A /* Release */,
			);
			defaultConfigurationIsVisible = 0;
			defaultConfigurationName = Release;
		};
		521875121A0EEE2700F0404A /* Build configuration list for PBXNativeTarget "UIKitTest" */ = {
			isa = XCConfigurationList;
			buildConfigurations = (
				521875131A0EEE2700F0404A /* Debug */,
				521875141A0EEE2700F0404A /* Release */,
			);
			defaultConfigurationIsVisible = 0;
		};
		521875151A0EEE2700F0404A /* Build configuration list for PBXNativeTarget "UIKitTestTests" */ = {
			isa = XCConfigurationList;
			buildConfigurations = (
				521875161A0EEE2700F0404A /* Debug */,
				521875171A0EEE2700F0404A /* Release */,
			);
			defaultConfigurationIsVisible = 0;
		};
/* End XCConfigurationList section */
	};
	rootObject = 521874EB1A0EEE2300F0404A /* Project object */;
}
